
Microsoft Visual Studio Solution File, Format Version 10.00
# Visual Studio 2008
Project("{8BC9CEB8-8B4A-11D0-8D11-00A0C91BC942}") = "AntiTest", "AntiTest.vcproj", "{8183838E-7531-467D-BF53-A4D15156C908}"
EndProject
Global
	GlobalSection(SolutionConfigurationPlatforms) = preSolution
		Debug|Win32 = Debug|Win32
		Release|Win32 = Release|Win32
	EndGlobalSection
	GlobalSection(ProjectConfigurationPlatforms) = postSolution
		{8183838E-7531-467D-BF53-A4D15156C908}.Debug|Win32.ActiveCfg = Debug|Win32
		{8183838E-7531-467D-BF53-A4D15156C908}.Debug|Win32.Build.0 = Debug|Win32
		{8183838E-7531-467D-BF53-A4D15156C908}.Release|Win32.ActiveCfg = Release|Win32
		{8183838E-7531-467D-BF53-A4D15156C908}.Release|Win32.Build.0 = Release|Win32
	EndGlobalSection
	GlobalSection(SolutionProperties) = preSolution
		HideSolutionNode = FALSE
	EndGlobalSection
EndGlobal
