
Microsoft Visual Studio Solution File, Format Version 10.00
# Visual Studio 2008
Project("{8BC9CEB8-8B4A-11D0-8D11-00A0C91BC942}") = "GetQQUser", "GetQQUser\GetQQUser.vcproj", "{787B4581-3AF5-426A-96F3-4696655F0C59}"
EndProject
Project("{8BC9CEB8-8B4A-11D0-8D11-00A0C91BC942}") = "Hook", "Hook\Hook.vcproj", "{35B1D2B9-5B3C-4D8D-8277-AF312EF2661E}"
EndProject
Global
	GlobalSection(SolutionConfigurationPlatforms) = preSolution
		Debug|Win32 = Debug|Win32
		Release|Win32 = Release|Win32
	EndGlobalSection
	GlobalSection(ProjectConfigurationPlatforms) = postSolution
		{787B4581-3AF5-426A-96F3-4696655F0C59}.Debug|Win32.ActiveCfg = Debug|Win32
		{787B4581-3AF5-426A-96F3-4696655F0C59}.Debug|Win32.Build.0 = Debug|Win32
		{787B4581-3AF5-426A-96F3-4696655F0C59}.Release|Win32.ActiveCfg = Release|Win32
		{787B4581-3AF5-426A-96F3-4696655F0C59}.Release|Win32.Build.0 = Release|Win32
		{35B1D2B9-5B3C-4D8D-8277-AF312EF2661E}.Debug|Win32.ActiveCfg = Debug|Win32
		{35B1D2B9-5B3C-4D8D-8277-AF312EF2661E}.Debug|Win32.Build.0 = Debug|Win32
		{35B1D2B9-5B3C-4D8D-8277-AF312EF2661E}.Release|Win32.ActiveCfg = Release|Win32
		{35B1D2B9-5B3C-4D8D-8277-AF312EF2661E}.Release|Win32.Build.0 = Release|Win32
	EndGlobalSection
	GlobalSection(SolutionProperties) = preSolution
		HideSolutionNode = FALSE
	EndGlobalSection
EndGlobal
