
Microsoft Visual Studio Solution File, Format Version 10.00
# Visual Studio 2008
Project("{8BC9CEB8-8B4A-11D0-8D11-00A0C91BC942}") = "Hook", "HookDll\Hook.vcproj", "{27891A5D-47EB-4DF1-B766-D727546F244C}"
EndProject
Project("{8BC9CEB8-8B4A-11D0-8D11-00A0C91BC942}") = "Loader", "Loader\Loader.vcproj", "{71D4FF82-5A99-4EBD-AEC3-B55DD77B8D36}"
EndProject
Project("{8BC9CEB8-8B4A-11D0-8D11-00A0C91BC942}") = "HerbGatherEditor", "HerbGatherEditor\HerbGatherEditor.vcproj", "{E7B00FE2-2C1C-441A-86AA-3B3ABFE601C4}"
EndProject
Global
	GlobalSection(SolutionConfigurationPlatforms) = preSolution
		Debug|Win32 = Debug|Win32
		Release|Win32 = Release|Win32
	EndGlobalSection
	GlobalSection(ProjectConfigurationPlatforms) = postSolution
		{27891A5D-47EB-4DF1-B766-D727546F244C}.Debug|Win32.ActiveCfg = Debug|Win32
		{27891A5D-47EB-4DF1-B766-D727546F244C}.Debug|Win32.Build.0 = Debug|Win32
		{27891A5D-47EB-4DF1-B766-D727546F244C}.Release|Win32.ActiveCfg = Release|Win32
		{27891A5D-47EB-4DF1-B766-D727546F244C}.Release|Win32.Build.0 = Release|Win32
		{71D4FF82-5A99-4EBD-AEC3-B55DD77B8D36}.Debug|Win32.ActiveCfg = Debug|Win32
		{71D4FF82-5A99-4EBD-AEC3-B55DD77B8D36}.Debug|Win32.Build.0 = Debug|Win32
		{71D4FF82-5A99-4EBD-AEC3-B55DD77B8D36}.Release|Win32.ActiveCfg = Release|Win32
		{71D4FF82-5A99-4EBD-AEC3-B55DD77B8D36}.Release|Win32.Build.0 = Release|Win32
		{E7B00FE2-2C1C-441A-86AA-3B3ABFE601C4}.Debug|Win32.ActiveCfg = Debug|Win32
		{E7B00FE2-2C1C-441A-86AA-3B3ABFE601C4}.Debug|Win32.Build.0 = Debug|Win32
		{E7B00FE2-2C1C-441A-86AA-3B3ABFE601C4}.Release|Win32.ActiveCfg = Release|Win32
		{E7B00FE2-2C1C-441A-86AA-3B3ABFE601C4}.Release|Win32.Build.0 = Release|Win32
	EndGlobalSection
	GlobalSection(SolutionProperties) = preSolution
		HideSolutionNode = FALSE
	EndGlobalSection
EndGlobal
